<?xml version="1.0" encoding="utf-8"?>
<Project ToolsVersion="4.0" xmlns="http://schemas.microsoft.com/developer/msbuild/2003">
  <ItemGroup>
    <Filter Include="Headers">
      <UniqueIdentifier>{f5f6c684-9976-4606-9e31-4cd25aa1d2c8}</UniqueIdentifier>
    </Filter>
    <Filter Include="Sources">
      <UniqueIdentifier>{3ef666e4-d1d3-43a1-b4cd-572b00571a7d}</UniqueIdentifier>
    </Filter>
  </ItemGroup>
  <ItemGroup>
    <ClCompile Include="main.cpp">
      <Filter>Sources</Filter>
    </ClCompile>
    <ClCompile Include="auxil.cpp">
      <Filter>Sources</Filter>
    </ClCompile>
    <ClCompile Include="logs.cpp">
      <Filter>Sources</Filter>
    </ClCompile>
    <ClCompile Include="daemon.cpp">
      <Filter>Sources</Filter>
    </ClCompile>
    <ClCompile Include="cthread.cpp">
      <Filter>Sources</Filter>
    </ClCompile>
    <ClCompile Include="dictionary.c">
      <Filter>Sources</Filter>
    </ClCompile>
    <ClCompile Include="iniparser.c">
      <Filter>Sources</Filter>
    </ClCompile>
    <ClCompile Include="settings.cpp">
      <Filter>Sources</Filter>
    </ClCompile>
    <ClCompile Include="tcpserver.cpp">
      <Filter>Sources</Filter>
    </ClCompile>
    <ClCompile Include="ttyserver.cpp">
      <Filter>Sources</Filter>
    </ClCompile>
    <ClCompile Include="serial.cpp">
      <Filter>Sources</Filter>
    </ClCompile>
    <ClCompile Include="ttysettings.cpp">
      <Filter>Sources</Filter>
    </ClCompile>
    <ClCompile Include="filecheck.cpp">
      <Filter>Sources</Filter>
    </ClCompile>
  </ItemGroup>
  <ItemGroup>
    <ClInclude Include="auxil.h">
      <Filter>Headers</Filter>
    </ClInclude>
    <ClInclude Include="logs.h">
      <Filter>Headers</Filter>
    </ClInclude>
    <ClInclude Include="daemon.h">
      <Filter>Headers</Filter>
    </ClInclude>
    <ClInclude Include="cthread.h">
      <Filter>Headers</Filter>
    </ClInclude>
    <ClInclude Include="dictionary.h">
      <Filter>Headers</Filter>
    </ClInclude>
    <ClInclude Include="iniparser.h">
      <Filter>Headers</Filter>
    </ClInclude>
    <ClInclude Include="settings.h">
      <Filter>Headers</Filter>
    </ClInclude>
    <ClInclude Include="tcpserver.h">
      <Filter>Headers</Filter>
    </ClInclude>
    <ClInclude Include="ttyserver.h">
      <Filter>Headers</Filter>
    </ClInclude>
    <ClInclude Include="serial.h">
      <Filter>Headers</Filter>
    </ClInclude>
    <ClInclude Include="ttysettings.h">
      <Filter>Headers</Filter>
    </ClInclude>
    <ClInclude Include="filecheck.h">
      <Filter>Headers</Filter>
    </ClInclude>
  </ItemGroup>
</Project>